{
  "name": "tretyakovgallery",
  "version": "1.0.0",
  "lockfileVersion": 3,
  "requires": true,
  "packages": {
    "": {
      "name": "tretyakovgallery",
      "version": "1.0.0",
      "license": "ISC",
      "dependencies": {
        "@wdio/allure-reporter": "^9.2.2"
      },
      "devDependencies": {
        "@playwright/test": "^1.48.2",
        "@types/node": "^22.8.1",
        "allure-commandline": "^2.32.0",
        "allure-playwright": "^3.0.5"
      }
    },
    "node_modules/@playwright/test": {
      "version": "1.48.2",
      "resolved": "https://registry.npmjs.org/@playwright/test/-/test-1.48.2.tgz",
      "integrity": "sha512-54w1xCWfXuax7dz4W2M9uw0gDyh+ti/0K/MxcCUxChFh37kkdxPdfZDw5QBbuPUJHr1CiHJ1hXgSs+GgeQc5Zw==",
      "dev": true,
      "license": "Apache-2.0",
      "dependencies": {
        "playwright": "1.48.2"
      },
      "bin": {
        "playwright": "cli.js"
      },
      "engines": {
        "node": ">=18"
      }
    },
    "node_modules/@types/node": {
      "version": "22.8.1",
      "resolved": "https://registry.npmjs.org/@types/node/-/node-22.8.1.tgz",
      "integrity": "sha512-k6Gi8Yyo8EtrNtkHXutUu2corfDf9su95VYVP10aGYMMROM6SAItZi0w1XszA6RtWTHSVp5OeFof37w0IEqCQg==",
      "dev": true,
      "license": "MIT",
      "dependencies": {
        "undici-types": "~6.19.8"
      }
    },
    "node_modules/@wdio/allure-reporter": {
      "version": "9.2.2",
      "resolved": "https://registry.npmjs.org/@wdio/allure-reporter/-/allure-reporter-9.2.2.tgz",
      "integrity": "sha512-KTQ1tNvo9iCaW/fPdGHneWzKLF2l609sUwzcj+VoJQNngmEqFiWFldEjrCROpWTCZK2aIMQel/5Ntd1cVBiHXQ==",
      "license": "MIT",
      "dependencies": {
        "@types/node": "^20.1.0",
        "@wdio/reporter": "9.2.2",
        "@wdio/types": "9.2.2",
        "allure-js-commons": "^2.5.0",
        "csv-stringify": "^6.0.4",
        "strip-ansi": "^7.1.0"
      },
      "engines": {
        "node": ">=18.20.0"
      }
    },
    "node_modules/@wdio/allure-reporter/node_modules/@types/node": {
      "version": "20.17.5",
      "resolved": "https://registry.npmjs.org/@types/node/-/node-20.17.5.tgz",
      "integrity": "sha512-n8FYY/pRxu496441gIcAQFZPKXbhsd6VZygcq+PTSZ75eMh/Ke0hCAROdUa21qiFqKNsPPYic46yXDO1JGiPBQ==",
      "license": "MIT",
      "dependencies": {
        "undici-types": "~6.19.2"
      }
    },
    "node_modules/@wdio/allure-reporter/node_modules/allure-js-commons": {
      "version": "2.15.1",
      "resolved": "https://registry.npmjs.org/allure-js-commons/-/allure-js-commons-2.15.1.tgz",
      "integrity": "sha512-5V/VINplbu0APnfSZOkYpKOzucO36Q2EtTD1kqjWjl7n6tj7Hh+IHCZsH3Vpk/LXRDfj9RuXugBBvwYKV5YMJw==",
      "license": "Apache-2.0",
      "dependencies": {
        "md5": "^2.3.0",
        "properties": "^1.2.1",
        "strip-ansi": "^5.2.0"
      }
    },
    "node_modules/@wdio/allure-reporter/node_modules/allure-js-commons/node_modules/strip-ansi": {
      "version": "5.2.0",
      "resolved": "https://registry.npmjs.org/strip-ansi/-/strip-ansi-5.2.0.tgz",
      "integrity": "sha512-DuRs1gKbBqsMKIZlrffwlug8MHkcnpjs5VPmL1PAh+mA30U0DTotfDZ0d2UUsXpPmPmMMJ6W773MaA3J+lbiWA==",
      "license": "MIT",
      "dependencies": {
        "ansi-regex": "^4.1.0"
      },
      "engines": {
        "node": ">=6"
      }
    },
    "node_modules/@wdio/allure-reporter/node_modules/ansi-regex": {
      "version": "4.1.1",
      "resolved": "https://registry.npmjs.org/ansi-regex/-/ansi-regex-4.1.1.tgz",
      "integrity": "sha512-ILlv4k/3f6vfQ4OoP2AGvirOktlQ98ZEL1k9FaQjxa3L1abBgbuTDAdPOpvbGncC0BTVQrl+OM8xZGK6tWXt7g==",
      "license": "MIT",
      "engines": {
        "node": ">=6"
      }
    },
    "node_modules/@wdio/logger": {
      "version": "9.1.3",
      "resolved": "https://registry.npmjs.org/@wdio/logger/-/logger-9.1.3.tgz",
      "integrity": "sha512-cumRMK/gE1uedBUw3WmWXOQ7HtB6DR8EyKQioUz2P0IJtRRpglMBdZV7Svr3b++WWawOuzZHMfbTkJQmaVt8Gw==",
      "license": "MIT",
      "dependencies": {
        "chalk": "^5.1.2",
        "loglevel": "^1.6.0",
        "loglevel-plugin-prefix": "^0.8.4",
        "strip-ansi": "^7.1.0"
      },
      "engines": {
        "node": ">=18.20.0"
      }
    },
    "node_modules/@wdio/reporter": {
      "version": "9.2.2",
      "resolved": "https://registry.npmjs.org/@wdio/reporter/-/reporter-9.2.2.tgz",
      "integrity": "sha512-3FxIMol0lTQ8S0gSlgvBpjTg9w/GRCFH+juHVIwjmdeqgKwID0IoKGxLo2enLjR7T3wsWUzN6JaqL/fa4nAK4A==",
      "license": "MIT",
      "dependencies": {
        "@types/node": "^20.1.0",
        "@wdio/logger": "9.1.3",
        "@wdio/types": "9.2.2",
        "diff": "^7.0.0",
        "object-inspect": "^1.12.0"
      },
      "engines": {
        "node": ">=18.20.0"
      }
    },
    "node_modules/@wdio/reporter/node_modules/@types/node": {
      "version": "20.17.5",
      "resolved": "https://registry.npmjs.org/@types/node/-/node-20.17.5.tgz",
      "integrity": "sha512-n8FYY/pRxu496441gIcAQFZPKXbhsd6VZygcq+PTSZ75eMh/Ke0hCAROdUa21qiFqKNsPPYic46yXDO1JGiPBQ==",
      "license": "MIT",
      "dependencies": {
        "undici-types": "~6.19.2"
      }
    },
    "node_modules/@wdio/types": {
      "version": "9.2.2",
      "resolved": "https://registry.npmjs.org/@wdio/types/-/types-9.2.2.tgz",
      "integrity": "sha512-nHZ9Ne9iRQFJ1TOYKUn4Fza69IshTTzk6RYmSZ51ImGs9uMZu0+S0Jm9REdly+VLN3FzxG6g2QSe0/F3uNVPdw==",
      "license": "MIT",
      "dependencies": {
        "@types/node": "^20.1.0"
      },
      "engines": {
        "node": ">=18.20.0"
      }
    },
    "node_modules/@wdio/types/node_modules/@types/node": {
      "version": "20.17.5",
      "resolved": "https://registry.npmjs.org/@types/node/-/node-20.17.5.tgz",
      "integrity": "sha512-n8FYY/pRxu496441gIcAQFZPKXbhsd6VZygcq+PTSZ75eMh/Ke0hCAROdUa21qiFqKNsPPYic46yXDO1JGiPBQ==",
      "license": "MIT",
      "dependencies": {
        "undici-types": "~6.19.2"
      }
    },
    "node_modules/allure-commandline": {
      "version": "2.32.0",
      "resolved": "https://registry.npmjs.org/allure-commandline/-/allure-commandline-2.32.0.tgz",
      "integrity": "sha512-W03ors+ks8uy0SgQILHQvtvR0iadAfDYmTFC3p8Pk4pi8KXUW1cF+z8FN2+7deH3FE2cuYgjhhA+CdLdJfzOMQ==",
      "dev": true,
      "license": "Apache-2.0",
      "bin": {
        "allure": "bin/allure"
      }
    },
    "node_modules/allure-js-commons": {
      "version": "3.0.5",
      "resolved": "https://registry.npmjs.org/allure-js-commons/-/allure-js-commons-3.0.5.tgz",
      "integrity": "sha512-kIrai/gDbJdwvN2pW5dYN2W7HrbrRSu8VoodBWWEO36e/AVPsEUoQ5owzRtEknYplRBD+lnhyn3a5xgM9oAsAg==",
      "dev": true,
      "license": "Apache-2.0",
      "dependencies": {
        "md5": "^2.3.0"
      },
      "peerDependencies": {
        "allure-playwright": "3.0.5"
      },
      "peerDependenciesMeta": {
        "allure-playwright": {
          "optional": true
        }
      }
    },
    "node_modules/allure-playwright": {
      "version": "3.0.5",
      "resolved": "https://registry.npmjs.org/allure-playwright/-/allure-playwright-3.0.5.tgz",
      "integrity": "sha512-mB8RnvhuS0WAirp7CKqj0oQ2RZd0LWzI82rNn8I72ARwHp1M5t1Uqfmsfnxr7XP0gARZtej2pa8imJySRYqftQ==",
      "dev": true,
      "license": "Apache-2.0",
      "dependencies": {
        "allure-js-commons": "3.0.5"
      },
      "peerDependencies": {
        "@playwright/test": ">=1.36.0"
      }
    },
    "node_modules/ansi-regex": {
      "version": "6.1.0",
      "resolved": "https://registry.npmjs.org/ansi-regex/-/ansi-regex-6.1.0.tgz",
      "integrity": "sha512-7HSX4QQb4CspciLpVFwyRe79O3xsIZDDLER21kERQ71oaPodF8jL725AgJMFAYbooIqolJoRLuM81SpeUkpkvA==",
      "license": "MIT",
      "engines": {
        "node": ">=12"
      },
      "funding": {
        "url": "https://github.com/chalk/ansi-regex?sponsor=1"
      }
    },
    "node_modules/chalk": {
      "version": "5.3.0",
      "resolved": "https://registry.npmjs.org/chalk/-/chalk-5.3.0.tgz",
      "integrity": "sha512-dLitG79d+GV1Nb/VYcCDFivJeK1hiukt9QjRNVOsUtTy1rR1YJsmpGGTZ3qJos+uw7WmWF4wUwBd9jxjocFC2w==",
      "license": "MIT",
      "engines": {
        "node": "^12.17.0 || ^14.13 || >=16.0.0"
      },
      "funding": {
        "url": "https://github.com/chalk/chalk?sponsor=1"
      }
    },
    "node_modules/charenc": {
      "version": "0.0.2",
      "resolved": "https://registry.npmjs.org/charenc/-/charenc-0.0.2.tgz",
      "integrity": "sha512-yrLQ/yVUFXkzg7EDQsPieE/53+0RlaWTs+wBrvW36cyilJ2SaDWfl4Yj7MtLTXleV9uEKefbAGUPv2/iWSooRA==",
      "license": "BSD-3-Clause",
      "engines": {
        "node": "*"
      }
    },
    "node_modules/crypt": {
      "version": "0.0.2",
      "resolved": "https://registry.npmjs.org/crypt/-/crypt-0.0.2.tgz",
      "integrity": "sha512-mCxBlsHFYh9C+HVpiEacem8FEBnMXgU9gy4zmNC+SXAZNB/1idgp/aulFJ4FgCi7GPEVbfyng092GqL2k2rmow==",
      "license": "BSD-3-Clause",
      "engines": {
        "node": "*"
      }
    },
    "node_modules/csv-stringify": {
      "version": "6.5.1",
      "resolved": "https://registry.npmjs.org/csv-stringify/-/csv-stringify-6.5.1.tgz",
      "integrity": "sha512-+9lpZfwpLntpTIEpFbwQyWuW/hmI/eHuJZD1XzeZpfZTqkf1fyvBbBLXTJJMsBuuS11uTShMqPwzx4A6ffXgRQ==",
      "license": "MIT"
    },
    "node_modules/diff": {
      "version": "7.0.0",
      "resolved": "https://registry.npmjs.org/diff/-/diff-7.0.0.tgz",
      "integrity": "sha512-PJWHUb1RFevKCwaFA9RlG5tCd+FO5iRh9A8HEtkmBH2Li03iJriB6m6JIN4rGz3K3JLawI7/veA1xzRKP6ISBw==",
      "license": "BSD-3-Clause",
      "engines": {
        "node": ">=0.3.1"
      }
    },
    "node_modules/fsevents": {
      "version": "2.3.2",
      "resolved": "https://registry.npmjs.org/fsevents/-/fsevents-2.3.2.tgz",
      "integrity": "sha512-xiqMQR4xAeHTuB9uWm+fFRcIOgKBMiOBP+eXiyT7jsgVCq1bkVygt00oASowB7EdtpOHaaPgKt812P9ab+DDKA==",
      "dev": true,
      "hasInstallScript": true,
      "license": "MIT",
      "optional": true,
      "os": [
        "darwin"
      ],
      "engines": {
        "node": "^8.16.0 || ^10.6.0 || >=11.0.0"
      }
    },
    "node_modules/is-buffer": {
      "version": "1.1.6",
      "resolved": "https://registry.npmjs.org/is-buffer/-/is-buffer-1.1.6.tgz",
      "integrity": "sha512-NcdALwpXkTm5Zvvbk7owOUSvVvBKDgKP5/ewfXEznmQFfs4ZRmanOeKBTjRVjka3QFoN6XJ+9F3USqfHqTaU5w==",
      "license": "MIT"
    },
    "node_modules/loglevel": {
      "version": "1.9.2",
      "resolved": "https://registry.npmjs.org/loglevel/-/loglevel-1.9.2.tgz",
      "integrity": "sha512-HgMmCqIJSAKqo68l0rS2AanEWfkxaZ5wNiEFb5ggm08lDs9Xl2KxBlX3PTcaD2chBM1gXAYf491/M2Rv8Jwayg==",
      "license": "MIT",
      "engines": {
        "node": ">= 0.6.0"
      },
      "funding": {
        "type": "tidelift",
        "url": "https://tidelift.com/funding/github/npm/loglevel"
      }
    },
    "node_modules/loglevel-plugin-prefix": {
      "version": "0.8.4",
      "resolved": "https://registry.npmjs.org/loglevel-plugin-prefix/-/loglevel-plugin-prefix-0.8.4.tgz",
      "integrity": "sha512-WpG9CcFAOjz/FtNht+QJeGpvVl/cdR6P0z6OcXSkr8wFJOsV2GRj2j10JLfjuA4aYkcKCNIEqRGCyTife9R8/g==",
      "license": "MIT"
    },
    "node_modules/md5": {
      "version": "2.3.0",
      "resolved": "https://registry.npmjs.org/md5/-/md5-2.3.0.tgz",
      "integrity": "sha512-T1GITYmFaKuO91vxyoQMFETst+O71VUPEU3ze5GNzDm0OWdP8v1ziTaAEPUr/3kLsY3Sftgz242A1SetQiDL7g==",
      "license": "BSD-3-Clause",
      "dependencies": {
        "charenc": "0.0.2",
        "crypt": "0.0.2",
        "is-buffer": "~1.1.6"
      }
    },
    "node_modules/object-inspect": {
      "version": "1.13.2",
      "resolved": "https://registry.npmjs.org/object-inspect/-/object-inspect-1.13.2.tgz",
      "integrity": "sha512-IRZSRuzJiynemAXPYtPe5BoI/RESNYR7TYm50MC5Mqbd3Jmw5y790sErYw3V6SryFJD64b74qQQs9wn5Bg/k3g==",
      "license": "MIT",
      "engines": {
        "node": ">= 0.4"
      },
      "funding": {
        "url": "https://github.com/sponsors/ljharb"
      }
    },
    "node_modules/playwright": {
      "version": "1.48.2",
      "resolved": "https://registry.npmjs.org/playwright/-/playwright-1.48.2.tgz",
      "integrity": "sha512-NjYvYgp4BPmiwfe31j4gHLa3J7bD2WiBz8Lk2RoSsmX38SVIARZ18VYjxLjAcDsAhA+F4iSEXTSGgjua0rrlgQ==",
      "dev": true,
      "license": "Apache-2.0",
      "dependencies": {
        "playwright-core": "1.48.2"
      },
      "bin": {
        "playwright": "cli.js"
      },
      "engines": {
        "node": ">=18"
      },
      "optionalDependencies": {
        "fsevents": "2.3.2"
      }
    },
    "node_modules/playwright-core": {
      "version": "1.48.2",
      "resolved": "https://registry.npmjs.org/playwright-core/-/playwright-core-1.48.2.tgz",
      "integrity": "sha512-sjjw+qrLFlriJo64du+EK0kJgZzoQPsabGF4lBvsid+3CNIZIYLgnMj9V6JY5VhM2Peh20DJWIVpVljLLnlawA==",
      "dev": true,
      "license": "Apache-2.0",
      "bin": {
        "playwright-core": "cli.js"
      },
      "engines": {
        "node": ">=18"
      }
    },
    "node_modules/properties": {
      "version": "1.2.1",
      "resolved": "https://registry.npmjs.org/properties/-/properties-1.2.1.tgz",
      "integrity": "sha512-qYNxyMj1JeW54i/EWEFsM1cVwxJbtgPp8+0Wg9XjNaK6VE/c4oRi6PNu5p7w1mNXEIQIjV5Wwn8v8Gz82/QzdQ==",
      "license": "MIT",
      "engines": {
        "node": ">=0.10"
      }
    },
    "node_modules/strip-ansi": {
      "version": "7.1.0",
      "resolved": "https://registry.npmjs.org/strip-ansi/-/strip-ansi-7.1.0.tgz",
      "integrity": "sha512-iq6eVVI64nQQTRYq2KtEg2d2uU7LElhTJwsH4YzIHZshxlgZms/wIc4VoDQTlG/IvVIrBKG06CrZnp0qv7hkcQ==",
      "license": "MIT",
      "dependencies": {
        "ansi-regex": "^6.0.1"
      },
      "engines": {
        "node": ">=12"
      },
      "funding": {
        "url": "https://github.com/chalk/strip-ansi?sponsor=1"
      }
    },
    "node_modules/undici-types": {
      "version": "6.19.8",
      "resolved": "https://registry.npmjs.org/undici-types/-/undici-types-6.19.8.tgz",
      "integrity": "sha512-ve2KP6f/JnbPBFyobGHuerC9g1FYGn/F8n1LWTwNxCEzd6IfqTwUQcNXgEtmmQ6DlRrC1hrSrBnCZPokRrDHjw==",
      "license": "MIT"
    }
  }
}
